Microsoft Visual Studio Solution File, Format Version 12.00
# Visual Studio 15
VisualStudioVersion = 15.0.26124.0
MinimumVisualStudioVersion = 15.0.26124.0
Project("{FAE04EC0-301F-11D3-BF4B-00C04F79EFBC}") = "MagicBytes", "MagicBytes\magicBytes.csproj", "{0045BD2E-45FC-4C9D-8FD7-65C7E0D05853}"
EndProject
Project("{FAE04EC0-301F-11D3-BF4B-00C04F79EFBC}") = "Read.Application", "Read.Application\Read.Application.csproj", "{E5D8D2DD-0212-41CE-A43E-81F1FEEA05B8}"
EndProject
Project("{FAE04EC0-301F-11D3-BF4B-00C04F79EFBC}") = "Read.Domain", "Read.Domain\Read.Domain.csproj", "{EA1B959F-93C9-4B2D-BB68-E937B0BAD531}"
EndProject
Global
	GlobalSection(SolutionConfigurationPlatforms) = preSolution
		Debug|Any CPU = Debug|Any CPU
		Debug|x64 = Debug|x64
		Debug|x86 = Debug|x86
		Release|Any CPU = Release|Any CPU
		Release|x64 = Release|x64
		Release|x86 = Release|x86
	EndGlobalSection
	GlobalSection(SolutionProperties) = preSolution
		HideSolutionNode = FALSE
	EndGlobalSection
	GlobalSection(ProjectConfigurationPlatforms) = postSolution
		{0045BD2E-45FC-4C9D-8FD7-65C7E0D05853}.Debug|Any CPU.ActiveCfg = Debug|Any CPU
		{0045BD2E-45FC-4C9D-8FD7-65C7E0D05853}.Debug|Any CPU.Build.0 = Debug|Any CPU
		{0045BD2E-45FC-4C9D-8FD7-65C7E0D05853}.Debug|x64.ActiveCfg = Debug|Any CPU
		{0045BD2E-45FC-4C9D-8FD7-65C7E0D05853}.Debug|x64.Build.0 = Debug|Any CPU
		{0045BD2E-45FC-4C9D-8FD7-65C7E0D05853}.Debug|x86.ActiveCfg = Debug|Any CPU
		{0045BD2E-45FC-4C9D-8FD7-65C7E0D05853}.Debug|x86.Build.0 = Debug|Any CPU
		{0045BD2E-45FC-4C9D-8FD7-65C7E0D05853}.Release|Any CPU.ActiveCfg = Release|Any CPU
		{0045BD2E-45FC-4C9D-8FD7-65C7E0D05853}.Release|Any CPU.Build.0 = Release|Any CPU
		{0045BD2E-45FC-4C9D-8FD7-65C7E0D05853}.Release|x64.ActiveCfg = Release|Any CPU
		{0045BD2E-45FC-4C9D-8FD7-65C7E0D05853}.Release|x64.Build.0 = Release|Any CPU
		{0045BD2E-45FC-4C9D-8FD7-65C7E0D05853}.Release|x86.ActiveCfg = Release|Any CPU
		{0045BD2E-45FC-4C9D-8FD7-65C7E0D05853}.Release|x86.Build.0 = Release|Any CPU
		{EFF609FC-E7BE-48CF-95BF-1282C7733243}.Debug|Any CPU.ActiveCfg = Debug|Any CPU
		{EFF609FC-E7BE-48CF-95BF-1282C7733243}.Debug|Any CPU.Build.0 = Debug|Any CPU
		{EFF609FC-E7BE-48CF-95BF-1282C7733243}.Debug|x64.ActiveCfg = Debug|Any CPU
		{EFF609FC-E7BE-48CF-95BF-1282C7733243}.Debug|x64.Build.0 = Debug|Any CPU
		{EFF609FC-E7BE-48CF-95BF-1282C7733243}.Debug|x86.ActiveCfg = Debug|Any CPU
		{EFF609FC-E7BE-48CF-95BF-1282C7733243}.Debug|x86.Build.0 = Debug|Any CPU
		{EFF609FC-E7BE-48CF-95BF-1282C7733243}.Release|Any CPU.ActiveCfg = Release|Any CPU
		{EFF609FC-E7BE-48CF-95BF-1282C7733243}.Release|Any CPU.Build.0 = Release|Any CPU
		{EFF609FC-E7BE-48CF-95BF-1282C7733243}.Release|x64.ActiveCfg = Release|Any CPU
		{EFF609FC-E7BE-48CF-95BF-1282C7733243}.Release|x64.Build.0 = Release|Any CPU
		{EFF609FC-E7BE-48CF-95BF-1282C7733243}.Release|x86.ActiveCfg = Release|Any CPU
		{EFF609FC-E7BE-48CF-95BF-1282C7733243}.Release|x86.Build.0 = Release|Any CPU
		{E5D8D2DD-0212-41CE-A43E-81F1FEEA05B8}.Debug|Any CPU.ActiveCfg = Debug|Any CPU
		{E5D8D2DD-0212-41CE-A43E-81F1FEEA05B8}.Debug|Any CPU.Build.0 = Debug|Any CPU
		{E5D8D2DD-0212-41CE-A43E-81F1FEEA05B8}.Debug|x64.ActiveCfg = Debug|Any CPU
		{E5D8D2DD-0212-41CE-A43E-81F1FEEA05B8}.Debug|x64.Build.0 = Debug|Any CPU
		{E5D8D2DD-0212-41CE-A43E-81F1FEEA05B8}.Debug|x86.ActiveCfg = Debug|Any CPU
		{E5D8D2DD-0212-41CE-A43E-81F1FEEA05B8}.Debug|x86.Build.0 = Debug|Any CPU
		{E5D8D2DD-0212-41CE-A43E-81F1FEEA05B8}.Release|Any CPU.ActiveCfg = Release|Any CPU
		{E5D8D2DD-0212-41CE-A43E-81F1FEEA05B8}.Release|Any CPU.Build.0 = Release|Any CPU
		{E5D8D2DD-0212-41CE-A43E-81F1FEEA05B8}.Release|x64.ActiveCfg = Release|Any CPU
		{E5D8D2DD-0212-41CE-A43E-81F1FEEA05B8}.Release|x64.Build.0 = Release|Any CPU
		{E5D8D2DD-0212-41CE-A43E-81F1FEEA05B8}.Release|x86.ActiveCfg = Release|Any CPU
		{E5D8D2DD-0212-41CE-A43E-81F1FEEA05B8}.Release|x86.Build.0 = Release|Any CPU
		{EA1B959F-93C9-4B2D-BB68-E937B0BAD531}.Debug|Any CPU.ActiveCfg = Debug|Any CPU
		{EA1B959F-93C9-4B2D-BB68-E937B0BAD531}.Debug|Any CPU.Build.0 = Debug|Any CPU
		{EA1B959F-93C9-4B2D-BB68-E937B0BAD531}.Debug|x64.ActiveCfg = Debug|Any CPU
		{EA1B959F-93C9-4B2D-BB68-E937B0BAD531}.Debug|x64.Build.0 = Debug|Any CPU
		{EA1B959F-93C9-4B2D-BB68-E937B0BAD531}.Debug|x86.ActiveCfg = Debug|Any CPU
		{EA1B959F-93C9-4B2D-BB68-E937B0BAD531}.Debug|x86.Build.0 = Debug|Any CPU
		{EA1B959F-93C9-4B2D-BB68-E937B0BAD531}.Release|Any CPU.ActiveCfg = Release|Any CPU
		{EA1B959F-93C9-4B2D-BB68-E937B0BAD531}.Release|Any CPU.Build.0 = Release|Any CPU
		{EA1B959F-93C9-4B2D-BB68-E937B0BAD531}.Release|x64.ActiveCfg = Release|Any CPU
		{EA1B959F-93C9-4B2D-BB68-E937B0BAD531}.Release|x64.Build.0 = Release|Any CPU
		{EA1B959F-93C9-4B2D-BB68-E937B0BAD531}.Release|x86.ActiveCfg = Release|Any CPU
		{EA1B959F-93C9-4B2D-BB68-E937B0BAD531}.Release|x86.Build.0 = Release|Any CPU
	EndGlobalSection
EndGlobal
